
Microsoft Visual Studio Solution File, Format Version 12.00
# Visual Studio Version 16
VisualStudioVersion = 16.0.29728.190
MinimumVisualStudioVersion = 10.0.40219.1
Project("{9A19103F-16F7-4668-BE54-9A1E7A4F7556}") = "PDFtoZPL", "PDFtoZPL\PDFtoZPL.csproj", "{AEA24120-110F-4988-B5F7-7953FD2BA97B}"
EndProject
Project("{2150E333-8FDC-42A3-9474-1A3956D46DE8}") = "Solution Items", "Solution Items", "{573E786B-4B2F-4B68-B156-801E62C21659}"
	ProjectSection(SolutionItems) = preProject
		README.md = README.md
	EndProjectSection
EndProject
Global
	GlobalSection(SolutionConfigurationPlatforms) = preSolution
		Debug|Any CPU = Debug|Any CPU
		Release|Any CPU = Release|Any CPU
	EndGlobalSection
	GlobalSection(ProjectConfigurationPlatforms) = postSolution
		{AEA24120-110F-4988-B5F7-7953FD2BA97B}.Debug|Any CPU.ActiveCfg = Debug|Any CPU
		{AEA24120-110F-4988-B5F7-7953FD2BA97B}.Debug|Any CPU.Build.0 = Debug|Any CPU
		{AEA24120-110F-4988-B5F7-7953FD2BA97B}.Release|Any CPU.ActiveCfg = Release|Any CPU
		{AEA24120-110F-4988-B5F7-7953FD2BA97B}.Release|Any CPU.Build.0 = Release|Any CPU
	EndGlobalSection
	GlobalSection(SolutionProperties) = preSolution
		HideSolutionNode = FALSE
	EndGlobalSection
	GlobalSection(ExtensibilityGlobals) = postSolution
		SolutionGuid = {68FEE447-BE0B-4286-91CA-5253E4E44B73}
	EndGlobalSection
EndGlobal
