
Microsoft Visual Studio Solution File, Format Version 12.00
# Visual Studio Version 17
VisualStudioVersion = 17.0.31612.314
MinimumVisualStudioVersion = 10.0.40219.1
Project("{9A19103F-16F7-4668-BE54-9A1E7A4F7556}") = "PDFtoZPL", "PDFtoZPL\PDFtoZPL.csproj", "{AEA24120-110F-4988-B5F7-7953FD2BA97B}"
EndProject
Project("{2150E333-8FDC-42A3-9474-1A3956D46DE8}") = "Solution Items", "Solution Items", "{573E786B-4B2F-4B68-B156-801E62C21659}"
	ProjectSection(SolutionItems) = preProject
		azure-pipelines.yml = azure-pipelines.yml
		Icon.png = Icon.png
		Icon_128.png = Icon_128.png
		README.md = README.md
		.github\workflows\SonarCloud.yml = .github\workflows\SonarCloud.yml
	EndProjectSection
EndProject
Project("{9A19103F-16F7-4668-BE54-9A1E7A4F7556}") = "Console", "Console\Console.csproj", "{7870E7D5-D32A-421D-9FDF-BBB18D765389}"
EndProject
Project("{9A19103F-16F7-4668-BE54-9A1E7A4F7556}") = "Tests", "Tests\Tests.csproj", "{8C50448B-27B4-4012-90A9-BFFBCC980D85}"
EndProject
Global
	GlobalSection(SolutionConfigurationPlatforms) = preSolution
		Debug|Any CPU = Debug|Any CPU
		Release|Any CPU = Release|Any CPU
		ReleaseSigned|Any CPU = ReleaseSigned|Any CPU
	EndGlobalSection
	GlobalSection(ProjectConfigurationPlatforms) = postSolution
		{AEA24120-110F-4988-B5F7-7953FD2BA97B}.Debug|Any CPU.ActiveCfg = Debug|Any CPU
		{AEA24120-110F-4988-B5F7-7953FD2BA97B}.Debug|Any CPU.Build.0 = Debug|Any CPU
		{AEA24120-110F-4988-B5F7-7953FD2BA97B}.Release|Any CPU.ActiveCfg = Release|Any CPU
		{AEA24120-110F-4988-B5F7-7953FD2BA97B}.Release|Any CPU.Build.0 = Release|Any CPU
		{AEA24120-110F-4988-B5F7-7953FD2BA97B}.ReleaseSigned|Any CPU.ActiveCfg = ReleaseSigned|Any CPU
		{AEA24120-110F-4988-B5F7-7953FD2BA97B}.ReleaseSigned|Any CPU.Build.0 = ReleaseSigned|Any CPU
		{7870E7D5-D32A-421D-9FDF-BBB18D765389}.Debug|Any CPU.ActiveCfg = Debug|Any CPU
		{7870E7D5-D32A-421D-9FDF-BBB18D765389}.Debug|Any CPU.Build.0 = Debug|Any CPU
		{7870E7D5-D32A-421D-9FDF-BBB18D765389}.Release|Any CPU.ActiveCfg = Release|Any CPU
		{7870E7D5-D32A-421D-9FDF-BBB18D765389}.Release|Any CPU.Build.0 = Release|Any CPU
		{7870E7D5-D32A-421D-9FDF-BBB18D765389}.ReleaseSigned|Any CPU.ActiveCfg = ReleaseSigned|Any CPU
		{7870E7D5-D32A-421D-9FDF-BBB18D765389}.ReleaseSigned|Any CPU.Build.0 = ReleaseSigned|Any CPU
		{8C50448B-27B4-4012-90A9-BFFBCC980D85}.Debug|Any CPU.ActiveCfg = Debug|Any CPU
		{8C50448B-27B4-4012-90A9-BFFBCC980D85}.Debug|Any CPU.Build.0 = Debug|Any CPU
		{8C50448B-27B4-4012-90A9-BFFBCC980D85}.Release|Any CPU.ActiveCfg = Release|Any CPU
		{8C50448B-27B4-4012-90A9-BFFBCC980D85}.Release|Any CPU.Build.0 = Release|Any CPU
		{8C50448B-27B4-4012-90A9-BFFBCC980D85}.ReleaseSigned|Any CPU.ActiveCfg = Release|Any CPU
		{8C50448B-27B4-4012-90A9-BFFBCC980D85}.ReleaseSigned|Any CPU.Build.0 = Release|Any CPU
	EndGlobalSection
	GlobalSection(SolutionProperties) = preSolution
		HideSolutionNode = FALSE
	EndGlobalSection
	GlobalSection(ExtensibilityGlobals) = postSolution
		SolutionGuid = {68FEE447-BE0B-4286-91CA-5253E4E44B73}
	EndGlobalSection
EndGlobal
